
Microsoft Visual Studio Solution File, Format Version 12.00
# Visual Studio 15
VisualStudioVersion = 15.0.27703.2042
MinimumVisualStudioVersion = 10.0.40219.1
Project("{FAE04EC0-301F-11D3-BF4B-00C04F79EFBC}") = "5202Test2_30004590", "5202Test2_30004590\5202Test2_30004590.csproj", "{73796565-F2D0-4A27-B711-E08CDBC1C955}"
EndProject
Global
	GlobalSection(SolutionConfigurationPlatforms) = preSolution
		Debug|Any CPU = Debug|Any CPU
		Release|Any CPU = Release|Any CPU
	EndGlobalSection
	GlobalSection(ProjectConfigurationPlatforms) = postSolution
		{73796565-F2D0-4A27-B711-E08CDBC1C955}.Debug|Any CPU.ActiveCfg = Debug|Any CPU
		{73796565-F2D0-4A27-B711-E08CDBC1C955}.Debug|Any CPU.Build.0 = Debug|Any CPU
		{73796565-F2D0-4A27-B711-E08CDBC1C955}.Release|Any CPU.ActiveCfg = Release|Any CPU
		{73796565-F2D0-4A27-B711-E08CDBC1C955}.Release|Any CPU.Build.0 = Release|Any CPU
	EndGlobalSection
	GlobalSection(SolutionProperties) = preSolution
		HideSolutionNode = FALSE
	EndGlobalSection
	GlobalSection(ExtensibilityGlobals) = postSolution
		SolutionGuid = {1E42F355-1507-4CBE-BCA2-F81C13456162}
	EndGlobalSection
EndGlobal
